
Microsoft Visual Studio Solution File, Format Version 12.00
# Visual Studio 15
VisualStudioVersion = 15.0.33403.129
MinimumVisualStudioVersion = 10.0.40219.1
Project("{FAE04EC0-301F-11D3-BF4B-00C04F79EFBC}") = "SVSOFTWARE", "SVSOFTWARE\SVSOFTWARE.csproj", "{B40FD9AF-E28F-4FB1-9E04-207DB468E451}"
EndProject
Project("{FAE04EC0-301F-11D3-BF4B-00C04F79EFBC}") = "LibreriaDLL", "LibreriaDLL\LibreriaDLL.csproj", "{B4795E49-9DCC-41B7-8C6A-182255783416}"
EndProject
Global
	GlobalSection(SolutionConfigurationPlatforms) = preSolution
		Debug|Any CPU = Debug|Any CPU
		Release|Any CPU = Release|Any CPU
	EndGlobalSection
	GlobalSection(ProjectConfigurationPlatforms) = postSolution
		{B40FD9AF-E28F-4FB1-9E04-207DB468E451}.Debug|Any CPU.ActiveCfg = Debug|Any CPU
		{B40FD9AF-E28F-4FB1-9E04-207DB468E451}.Debug|Any CPU.Build.0 = Debug|Any CPU
		{B40FD9AF-E28F-4FB1-9E04-207DB468E451}.Release|Any CPU.ActiveCfg = Release|Any CPU
		{B40FD9AF-E28F-4FB1-9E04-207DB468E451}.Release|Any CPU.Build.0 = Release|Any CPU
		{B4795E49-9DCC-41B7-8C6A-182255783416}.Debug|Any CPU.ActiveCfg = Debug|Any CPU
		{B4795E49-9DCC-41B7-8C6A-182255783416}.Debug|Any CPU.Build.0 = Debug|Any CPU
		{B4795E49-9DCC-41B7-8C6A-182255783416}.Release|Any CPU.ActiveCfg = Release|Any CPU
		{B4795E49-9DCC-41B7-8C6A-182255783416}.Release|Any CPU.Build.0 = Release|Any CPU
	EndGlobalSection
	GlobalSection(SolutionProperties) = preSolution
		HideSolutionNode = FALSE
	EndGlobalSection
	GlobalSection(ExtensibilityGlobals) = postSolution
		SolutionGuid = {1A29E027-6183-48A2-8343-E1D64B4A51EC}
	EndGlobalSection
EndGlobal
